// !$*UTF8*$!
{
	archiveVersion = 1;
	classes = {
	};
	objectVersion = 46;
	objects = {

/* Begin PBXBuildFile section */
		EE001B0F13D04BB100A7D719 /* Clip.m in Sources */ = {isa = PBXBuildFile; fileRef = EE001B0E13D04BB100A7D719 /* Clip.m */; };
		EE1E6C2413E335EF006794C7 /* player_play.png in Resources */ = {isa = PBXBuildFile; fileRef = EE1E6C2313E335EF006794C7 /* player_play.png */; };
		EE1E6C2613E33764006794C7 /* player_pause.png in Resources */ = {isa = PBXBuildFile; fileRef = EE1E6C2513E33764006794C7 /* player_pause.png */; };
		EE1E6C2813E3426A006794C7 /* addToPl.png in Resources */ = {isa = PBXBuildFile; fileRef = EE1E6C2713E3426A006794C7 /* addToPl.png */; };
		EE1E6C4513E34973006794C7 /* MyPlaylist.xcdatamodeld in Sources */ = {isa = PBXBuildFile; fileRef = EE1E6C4313E34972006794C7 /* MyPlaylist.xcdatamodeld */; };
		EE4E255513DB1C97003005D6 /* CFNetwork.framework in Frameworks */ = {isa = PBXBuildFile; fileRef = EE4E255213DB1C97003005D6 /* CFNetwork.framework */; };
		EE4E255613DB1C97003005D6 /* CoreData.framework in Frameworks */ = {isa = PBXBuildFile; fileRef = EE4E255313DB1C97003005D6 /* CoreData.framework */; };
		EE4E255713DB1C97003005D6 /* SystemConfiguration.framework in Frameworks */ = {isa = PBXBuildFile; fileRef = EE4E255413DB1C97003005D6 /* SystemConfiguration.framework */; };
		EE4E256C13DB1FD2003005D6 /* MobileCoreServices.framework in Frameworks */ = {isa = PBXBuildFile; fileRef = EE4E256B13DB1FD2003005D6 /* MobileCoreServices.framework */; };
		EE4E257013DB2676003005D6 /* PlayList.m in Sources */ = {isa = PBXBuildFile; fileRef = EE4E256F13DB2676003005D6 /* PlayList.m */; };
		EE5CDFCB13DE25F200B60CC1 /* Clips.m in Sources */ = {isa = PBXBuildFile; fileRef = EE5CDFCA13DE25F200B60CC1 /* Clips.m */; };
		EE6D04F413CCD3420076850F /* SubscriptionsViewController.m in Sources */ = {isa = PBXBuildFile; fileRef = EE6D04F313CCD3420076850F /* SubscriptionsViewController.m */; };
		EE6D04FC13CCD7DD0076850F /* PreviewViewController.m in Sources */ = {isa = PBXBuildFile; fileRef = EE6D04FA13CCD7DD0076850F /* PreviewViewController.m */; };
		EE6D04FD13CCD7DD0076850F /* PreviewViewController.xib in Resources */ = {isa = PBXBuildFile; fileRef = EE6D04FB13CCD7DD0076850F /* PreviewViewController.xib */; };
		EE6D050113CCD8B80076850F /* bann.png in Resources */ = {isa = PBXBuildFile; fileRef = EE6D04FE13CCD8B80076850F /* bann.png */; };
		EE6D050213CCD8B80076850F /* previewImage.png in Resources */ = {isa = PBXBuildFile; fileRef = EE6D04FF13CCD8B80076850F /* previewImage.png */; };
		EE6D050313CCD8B80076850F /* previewPic.png in Resources */ = {isa = PBXBuildFile; fileRef = EE6D050013CCD8B80076850F /* previewPic.png */; };
		EE6D050613CCDBE10076850F /* ArtistsViewController.m in Sources */ = {isa = PBXBuildFile; fileRef = EE6D050513CCDBE10076850F /* ArtistsViewController.m */; };
		EE6D051A13CCE08D0076850F /* SearchViewController.m in Sources */ = {isa = PBXBuildFile; fileRef = EE6D051813CCE08C0076850F /* SearchViewController.m */; };
		EE6D051B13CCE08D0076850F /* SearchViewController.xib in Resources */ = {isa = PBXBuildFile; fileRef = EE6D051913CCE08D0076850F /* SearchViewController.xib */; };
		EE6D054913CE3FF00076850F /* PlayListsViewController.m in Sources */ = {isa = PBXBuildFile; fileRef = EE6D054813CE3FF00076850F /* PlayListsViewController.m */; };
		EE6D054D13CE41FC0076850F /* PlayListViewController.m in Sources */ = {isa = PBXBuildFile; fileRef = EE6D054B13CE41FB0076850F /* PlayListViewController.m */; };
		EE6D054E13CE41FC0076850F /* PlayListViewController.xib in Resources */ = {isa = PBXBuildFile; fileRef = EE6D054C13CE41FC0076850F /* PlayListViewController.xib */; };
		EE6D059513CF890A0076850F /* XMLDataLoader.m in Sources */ = {isa = PBXBuildFile; fileRef = EE6D059413CF89090076850F /* XMLDataLoader.m */; };
		EE6D059813CF8FD40076850F /* Artist.m in Sources */ = {isa = PBXBuildFile; fileRef = EE6D059713CF8FD30076850F /* Artist.m */; };
		EE6D059B13CF981B0076850F /* asyncimageview.m in Sources */ = {isa = PBXBuildFile; fileRef = EE6D059A13CF98180076850F /* asyncimageview.m */; };
		EE6D059F13CFAF250076850F /* MediaPlayer.framework in Frameworks */ = {isa = PBXBuildFile; fileRef = EE6D059E13CFAF230076850F /* MediaPlayer.framework */; };
		EE6D05A213CFAF600076850F /* PlayerViewController.m in Sources */ = {isa = PBXBuildFile; fileRef = EE6D05A113CFAF5F0076850F /* PlayerViewController.m */; };
		EE6D05A613CFB50B0076850F /* share.png in Resources */ = {isa = PBXBuildFile; fileRef = EE6D05A513CFB50A0076850F /* share.png */; };
		EE6D05A813CFC1330076850F /* back.png in Resources */ = {isa = PBXBuildFile; fileRef = EE6D05A713CFC1320076850F /* back.png */; };
		EE6D05AA13CFC2A40076850F /* new_done.png in Resources */ = {isa = PBXBuildFile; fileRef = EE6D05A913CFC2A30076850F /* new_done.png */; };
		EE74379013E20C4B00FD9509 /* libRestKitCoreData.a in Frameworks */ = {isa = PBXBuildFile; fileRef = EE74378913E20C2400FD9509 /* libRestKitCoreData.a */; };
		EE74379113E20C4B00FD9509 /* libRestKitJSONParserJSONKit.a in Frameworks */ = {isa = PBXBuildFile; fileRef = EE74378513E20C2400FD9509 /* libRestKitJSONParserJSONKit.a */; };
		EE74379213E20C4B00FD9509 /* libRestKitNetwork.a in Frameworks */ = {isa = PBXBuildFile; fileRef = EE74377B13E20C2400FD9509 /* libRestKitNetwork.a */; };
		EE74379313E20C4B00FD9509 /* libRestKitObjectMapping.a in Frameworks */ = {isa = PBXBuildFile; fileRef = EE74377D13E20C2400FD9509 /* libRestKitObjectMapping.a */; };
		EE74379413E20C4B00FD9509 /* libRestKitSupport.a in Frameworks */ = {isa = PBXBuildFile; fileRef = EE74377F13E20C2400FD9509 /* libRestKitSupport.a */; };
		EE74379D13E213A600FD9509 /* Icon-72.png in Resources */ = {isa = PBXBuildFile; fileRef = EE74379513E213A600FD9509 /* Icon-72.png */; };
		EE74379E13E213A600FD9509 /* Icon-Small-50.png in Resources */ = {isa = PBXBuildFile; fileRef = EE74379613E213A600FD9509 /* Icon-Small-50.png */; };
		EE74379F13E213A600FD9509 /* Icon-Small.png in Resources */ = {isa = PBXBuildFile; fileRef = EE74379713E213A600FD9509 /* Icon-Small.png */; };
		EE7437A013E213A600FD9509 /* Icon-Small@2x.png in Resources */ = {isa = PBXBuildFile; fileRef = EE74379813E213A600FD9509 /* Icon-Small@2x.png */; };
		EE7437A113E213A600FD9509 /* Icon.png in Resources */ = {isa = PBXBuildFile; fileRef = EE74379913E213A600FD9509 /* Icon.png */; };
		EE7437A213E213A600FD9509 /* Icon@2x.png in Resources */ = {isa = PBXBuildFile; fileRef = EE74379A13E213A600FD9509 /* Icon@2x.png */; };
		EE7437A313E213A600FD9509 /* Default@2x.png in Resources */ = {isa = PBXBuildFile; fileRef = EE74379B13E213A600FD9509 /* Default@2x.png */; };
		EE7437A413E213A600FD9509 /* Default.png in Resources */ = {isa = PBXBuildFile; fileRef = EE74379C13E213A600FD9509 /* Default.png */; };
		EE7437A713E213D200FD9509 /* iTunesArtwork in Resources */ = {isa = PBXBuildFile; fileRef = EE7437A613E213D200FD9509 /* iTunesArtwork */; };
		EE8759DD13E6F3BA00B38801 /* ArtistViewController.m in Sources */ = {isa = PBXBuildFile; fileRef = EE8759DC13E6F3BA00B38801 /* ArtistViewController.m */; };
		EE8759E013E71E7D00B38801 /* GenreViewController.m in Sources */ = {isa = PBXBuildFile; fileRef = EE8759DF13E71E7C00B38801 /* GenreViewController.m */; };
		EEA0691413E8A02800C4E1A2 /* next.png in Resources */ = {isa = PBXBuildFile; fileRef = EEA0691213E8A02800C4E1A2 /* next.png */; };
		EEA0691513E8A02800C4E1A2 /* prev.png in Resources */ = {isa = PBXBuildFile; fileRef = EEA0691313E8A02800C4E1A2 /* prev.png */; };
		EEA7009313E1EA140017F550 /* Genre.m in Sources */ = {isa = PBXBuildFile; fileRef = EEA7008B13E1EA140017F550 /* Genre.m */; };
		EEA7009413E1EA140017F550 /* Genres.m in Sources */ = {isa = PBXBuildFile; fileRef = EEA7008D13E1EA140017F550 /* Genres.m */; };
		EEA7009513E1EA140017F550 /* GanriTableViewCell.m in Sources */ = {isa = PBXBuildFile; fileRef = EEA7008F13E1EA140017F550 /* GanriTableViewCell.m */; };
		EEA7009613E1EA140017F550 /* GenresViewController.m in Sources */ = {isa = PBXBuildFile; fileRef = EEA7009113E1EA140017F550 /* GenresViewController.m */; };
		EEB323BD13EEB6D1008329F2 /* tabItemGirl.png in Resources */ = {isa = PBXBuildFile; fileRef = EEB323B813EEB6D1008329F2 /* tabItemGirl.png */; };
		EEB323BE13EEB6D1008329F2 /* tabItemGirl@2x.png in Resources */ = {isa = PBXBuildFile; fileRef = EEB323B913EEB6D1008329F2 /* tabItemGirl@2x.png */; };
		EEB323BF13EEB6D1008329F2 /* tabItemMore.png in Resources */ = {isa = PBXBuildFile; fileRef = EEB323BA13EEB6D1008329F2 /* tabItemMore.png */; };
		EEB323C013EEB6D1008329F2 /* tabItemMore@2x.png in Resources */ = {isa = PBXBuildFile; fileRef = EEB323BB13EEB6D1008329F2 /* tabItemMore@2x.png */; };
		EEB323C113EEB6D1008329F2 /* tabItemPlaylist@2x.png in Resources */ = {isa = PBXBuildFile; fileRef = EEB323BC13EEB6D1008329F2 /* tabItemPlaylist@2x.png */; };
		EEB323C613EEB8F1008329F2 /* tabItemClips.png in Resources */ = {isa = PBXBuildFile; fileRef = EEB323C213EEB8F0008329F2 /* tabItemClips.png */; };
		EEB323C713EEB8F1008329F2 /* tabItemClips@2x.png in Resources */ = {isa = PBXBuildFile; fileRef = EEB323C313EEB8F0008329F2 /* tabItemClips@2x.png */; };
		EEB323C813EEB8F1008329F2 /* tabItemHome.png in Resources */ = {isa = PBXBuildFile; fileRef = EEB323C413EEB8F0008329F2 /* tabItemHome.png */; };
		EEB323C913EEB8F1008329F2 /* tabItemHome@2x.png in Resources */ = {isa = PBXBuildFile; fileRef = EEB323C513EEB8F1008329F2 /* tabItemHome@2x.png */; };
		EEB323CB13EEBB65008329F2 /* 53-house.png in Resources */ = {isa = PBXBuildFile; fileRef = EEB323CA13EEBB65008329F2 /* 53-house.png */; };
		EEB323CD13EEBB9A008329F2 /* 45-movie-1.png in Resources */ = {isa = PBXBuildFile; fileRef = EEB323CC13EEBB99008329F2 /* 45-movie-1.png */; };
		EEB323CF13EECC49008329F2 /* info.png in Resources */ = {isa = PBXBuildFile; fileRef = EEB323CE13EECC49008329F2 /* info.png */; };
		EEB323D613EED646008329F2 /* ChannelViewController.m in Sources */ = {isa = PBXBuildFile; fileRef = EEB323D513EED646008329F2 /* ChannelViewController.m */; };
		EEB323D913EED73D008329F2 /* Channels.m in Sources */ = {isa = PBXBuildFile; fileRef = EEB323D813EED73D008329F2 /* Channels.m */; };
		EEB323DC13EED74A008329F2 /* Channel.m in Sources */ = {isa = PBXBuildFile; fileRef = EEB323DB13EED74A008329F2 /* Channel.m */; };
		EEB3240513EEDC1E008329F2 /* ChannelsViewController.m in Sources */ = {isa = PBXBuildFile; fileRef = EEB3240413EEDC1E008329F2 /* ChannelsViewController.m */; };
		EEB8F7F313C5FD0D00B70FDB /* UIKit.framework in Frameworks */ = {isa = PBXBuildFile; fileRef = EEB8F7F213C5FD0D00B70FDB /* UIKit.framework */; };
		EEB8F7F713C5FD0D00B70FDB /* CoreGraphics.framework in Frameworks */ = {isa = PBXBuildFile; fileRef = EEB8F7F613C5FD0D00B70FDB /* CoreGraphics.framework */; };
		EEB8F7FD13C5FD0D00B70FDB /* InfoPlist.strings in Resources */ = {isa = PBXBuildFile; fileRef = EEB8F7FB13C5FD0D00B70FDB /* InfoPlist.strings */; };
		EEB8F80013C5FD0D00B70FDB /* main.m in Sources */ = {isa = PBXBuildFile; fileRef = EEB8F7FF13C5FD0D00B70FDB /* main.m */; };
		EEB8F80313C5FD0D00B70FDB /* elloAppDelegate.m in Sources */ = {isa = PBXBuildFile; fileRef = EEB8F80213C5FD0D00B70FDB /* elloAppDelegate.m */; };
		EEB8F80613C5FD0D00B70FDB /* MainWindow.xib in Resources */ = {isa = PBXBuildFile; fileRef = EEB8F80413C5FD0D00B70FDB /* MainWindow.xib */; };
		EECAB46413CB95D900EE96B5 /* VideoTableViewCell.m in Sources */ = {isa = PBXBuildFile; fileRef = EECAB46313CB95D900EE96B5 /* VideoTableViewCell.m */; };
		EECAB46713CB977000EE96B5 /* cellThumb.png in Resources */ = {isa = PBXBuildFile; fileRef = EECAB46613CB977000EE96B5 /* cellThumb.png */; };
		EECAB46A13CB999000EE96B5 /* VideoObject.m in Sources */ = {isa = PBXBuildFile; fileRef = EECAB46913CB999000EE96B5 /* VideoObject.m */; };
		EECAB46C13CB9EBC00EE96B5 /* cellBG.png in Resources */ = {isa = PBXBuildFile; fileRef = EECAB46B13CB9EBC00EE96B5 /* cellBG.png */; };
		EECAB46E13CBA30000EE96B5 /* iAd.framework in Frameworks */ = {isa = PBXBuildFile; fileRef = EECAB46D13CBA30000EE96B5 /* iAd.framework */; };
		EECFB8D713E08B1E00BB3D80 /* Foundation.framework in Frameworks */ = {isa = PBXBuildFile; fileRef = EECFB8D613E08B1E00BB3D80 /* Foundation.framework */; };
		EECFB8F013E0C89C00BB3D80 /* SlideshowImageView.m in Sources */ = {isa = PBXBuildFile; fileRef = EECFB8EF13E0C89C00BB3D80 /* SlideshowImageView.m */; };
		EEDB552313D0307200038999 /* RootViewController.m in Sources */ = {isa = PBXBuildFile; fileRef = EEDB552213D0307200038999 /* RootViewController.m */; };
		EEDB552613D0319600038999 /* QuartzCore.framework in Frameworks */ = {isa = PBXBuildFile; fileRef = EEDB552513D0319600038999 /* QuartzCore.framework */; };
		EEEC3D3E13EB35DA002BAD53 /* MultiPlayerViewController.m in Sources */ = {isa = PBXBuildFile; fileRef = EEEC3D3D13EB35DA002BAD53 /* MultiPlayerViewController.m */; };
		EEF2270613C6554A004731BE /* banner.png in Resources */ = {isa = PBXBuildFile; fileRef = EEF2270513C6554A004731BE /* banner.png */; };
		EEF2270913C65695004731BE /* IndexViewController.m in Sources */ = {isa = PBXBuildFile; fileRef = EEF2270813C65695004731BE /* IndexViewController.m */; };
		EEF2272213C78996004731BE /* tabItemPlaylist.png in Resources */ = {isa = PBXBuildFile; fileRef = EEF2272013C78996004731BE /* tabItemPlaylist.png */; };
		EEF2272313C78996004731BE /* tabItemVideo.png in Resources */ = {isa = PBXBuildFile; fileRef = EEF2272113C78996004731BE /* tabItemVideo.png */; };
		EEF2272F13C78D16004731BE /* AdView.m in Sources */ = {isa = PBXBuildFile; fileRef = EEF2272E13C78D16004731BE /* AdView.m */; };
		EEF2273213C792D8004731BE /* photo1.png in Resources */ = {isa = PBXBuildFile; fileRef = EEF2273013C792D8004731BE /* photo1.png */; };
		EEF2273313C792D8004731BE /* photo2.png in Resources */ = {isa = PBXBuildFile; fileRef = EEF2273113C792D8004731BE /* photo2.png */; };
		EEF2274713C79EDB004731BE /* photo3.png in Resources */ = {isa = PBXBuildFile; fileRef = EEF2274613C79EDA004731BE /* photo3.png */; };
		EEF2274C13C7A68E004731BE /* ClipsViewController.m in Sources */ = {isa = PBXBuildFile; fileRef = EEF2274B13C7A68E004731BE /* ClipsViewController.m */; };
		EEF6AB8413DF8B94001418E3 /* PlayLists.m in Sources */ = {isa = PBXBuildFile; fileRef = EEF6AB8313DF8B94001418E3 /* PlayLists.m */; };
		EEF6AB8713DF9D0D001418E3 /* Artists.m in Sources */ = {isa = PBXBuildFile; fileRef = EEF6AB8613DF9D0D001418E3 /* Artists.m */; };
		EEFB251013E5BEBD00BA8BD1 /* TabbarViewController.xib in Resources */ = {isa = PBXBuildFile; fileRef = EEFB250F13E5BEBC00BA8BD1 /* TabbarViewController.xib */; };
		EEFB251513E5CFC100BA8BD1 /* artista_32.png in Resources */ = {isa = PBXBuildFile; fileRef = EEFB251113E5CFC100BA8BD1 /* artista_32.png */; };
		EEFB251613E5CFC100BA8BD1 /* clip.png in Resources */ = {isa = PBXBuildFile; fileRef = EEFB251213E5CFC100BA8BD1 /* clip.png */; };
		EEFB251713E5CFC100BA8BD1 /* player_playlist.png in Resources */ = {isa = PBXBuildFile; fileRef = EEFB251313E5CFC100BA8BD1 /* player_playlist.png */; };
		EEFB251813E5CFC200BA8BD1 /* slideshow.png in Resources */ = {isa = PBXBuildFile; fileRef = EEFB251413E5CFC100BA8BD1 /* slideshow.png */; };
		EEFB252213E5EB6F00BA8BD1 /* MKEntryPanel.m in Sources */ = {isa = PBXBuildFile; fileRef = EEFB251E13E5EB6D00BA8BD1 /* MKEntryPanel.m */; };
		EEFB252313E5EB6F00BA8BD1 /* MKEntryPanel.xib in Resources */ = {isa = PBXBuildFile; fileRef = EEFB251F13E5EB6D00BA8BD1 /* MKEntryPanel.xib */; };
		EEFB252413E5EB6F00BA8BD1 /* TopBar.png in Resources */ = {isa = PBXBuildFile; fileRef = EEFB252013E5EB6E00BA8BD1 /* TopBar.png */; };
		EEFB252513E5EB6F00BA8BD1 /* TopBar@2x.png in Resources */ = {isa = PBXBuildFile; fileRef = EEFB252113E5EB6F00BA8BD1 /* TopBar@2x.png */; };
/* End PBXBuildFile section */

/* Begin PBXContainerItemProxy section */
		EE74377A13E20C2400FD9509 /* PBXContainerItemProxy */ = {
			isa = PBXContainerItemProxy;
			containerPortal = EE74376613E20C2300FD9509 /* RestKit.xcodeproj */;
			proxyType = 2;
			remoteGlobalIDString = 253A07FC1255161B00976E89;
			remoteInfo = RestKitNetwork;
		};
		EE74377C13E20C2400FD9509 /* PBXContainerItemProxy */ = {
			isa = PBXContainerItemProxy;
			containerPortal = EE74376613E20C2300FD9509 /* RestKit.xcodeproj */;
			proxyType = 2;
			remoteGlobalIDString = 253A08031255162C00976E89;
			remoteInfo = RestKitObjectMapping;
		};
		EE74377E13E20C2400FD9509 /* PBXContainerItemProxy */ = {
			isa = PBXContainerItemProxy;
			containerPortal = EE74376613E20C2300FD9509 /* RestKit.xcodeproj */;
			proxyType = 2;
			remoteGlobalIDString = 253A080C12551D3000976E89;
			remoteInfo = RestKitSupport;
		};
		EE74378013E20C2400FD9509 /* PBXContainerItemProxy */ = {
			isa = PBXContainerItemProxy;
			containerPortal = EE74376613E20C2300FD9509 /* RestKit.xcodeproj */;
			proxyType = 2;
			remoteGlobalIDString = 2590E64F125231F600531FA8;
			remoteInfo = "RestKitJSONParser+YAJL";
		};
		EE74378213E20C2400FD9509 /* PBXContainerItemProxy */ = {
			isa = PBXContainerItemProxy;
			containerPortal = EE74376613E20C2300FD9509 /* RestKit.xcodeproj */;
			proxyType = 2;
			remoteGlobalIDString = 2590E66B1252353700531FA8;
			remoteInfo = "RestKitJSONParser+SBJSON";
		};
		EE74378413E20C2400FD9509 /* PBXContainerItemProxy */ = {
			isa = PBXContainerItemProxy;
			containerPortal = EE74376613E20C2300FD9509 /* RestKit.xcodeproj */;
			proxyType = 2;
			remoteGlobalIDString = 73057FD11331AD2E001908EE;
			remoteInfo = "RestKitJSONParser+JSONKit";
		};
		EE74378613E20C2400FD9509 /* PBXContainerItemProxy */ = {
			isa = PBXContainerItemProxy;
			containerPortal = EE74376613E20C2300FD9509 /* RestKit.xcodeproj */;
			proxyType = 2;
			remoteGlobalIDString = 25BD43BD1340315800DBACDD;
			remoteInfo = "RestKitXMLParser+Libxml";
		};
		EE74378813E20C2400FD9509 /* PBXContainerItemProxy */ = {
			isa = PBXContainerItemProxy;
			containerPortal = EE74376613E20C2300FD9509 /* RestKit.xcodeproj */;
			proxyType = 2;
			remoteGlobalIDString = 253A081412551D5300976E89;
			remoteInfo = RestKitCoreData;
		};
		EE74378A13E20C2400FD9509 /* PBXContainerItemProxy */ = {
			isa = PBXContainerItemProxy;
			containerPortal = EE74376613E20C2300FD9509 /* RestKit.xcodeproj */;
			proxyType = 2;
			remoteGlobalIDString = 2523360511E79F090048F9B4;
			remoteInfo = RestKitThree20;
		};
		EE74378C13E20C2400FD9509 /* PBXContainerItemProxy */ = {
			isa = PBXContainerItemProxy;
			containerPortal = EE74376613E20C2300FD9509 /* RestKit.xcodeproj */;
			proxyType = 2;
			remoteGlobalIDString = 3F6C39A510FE5C95008F47C5;
			remoteInfo = UISpec;
		};
		EE74378E13E20C3600FD9509 /* PBXContainerItemProxy */ = {
			isa = PBXContainerItemProxy;
			containerPortal = EE74376613E20C2300FD9509 /* RestKit.xcodeproj */;
			proxyType = 1;
			remoteGlobalIDString = 255B7588133BABBF00ED76AD;
			remoteInfo = RestKit;
		};
/* End PBXContainerItemProxy section */

/* Begin PBXFileReference section */
		EE001B0D13D04BB100A7D719 /* Clip.h */ = {isa = PBXFileReference; fileEncoding = 4; lastKnownFileType = sourcecode.c.h; path = Clip.h; sourceTree = "<group>"; };
		EE001B0E13D04BB100A7D719 /* Clip.m */ = {isa = PBXFileReference; fileEncoding = 4; lastKnownFileType = sourcecode.c.objc; path = Clip.m; sourceTree = "<group>"; };
		EE1E6C2313E335EF006794C7 /* player_play.png */ = {isa = PBXFileReference; lastKnownFileType = image.png; path = player_play.png; sourceTree = "<group>"; };
		EE1E6C2513E33764006794C7 /* player_pause.png */ = {isa = PBXFileReference; lastKnownFileType = image.png; path = player_pause.png; sourceTree = "<group>"; };
		EE1E6C2713E3426A006794C7 /* addToPl.png */ = {isa = PBXFileReference; lastKnownFileType = image.png; path = addToPl.png; sourceTree = "<group>"; };
		EE1E6C4413E34973006794C7 /* MyPlaylist.xcdatamodel */ = {isa = PBXFileReference; lastKnownFileType = wrapper.xcdatamodel; path = MyPlaylist.xcdatamodel; sourceTree = "<group>"; };
		EE4E255213DB1C97003005D6 /* CFNetwork.framework */ = {isa = PBXFileReference; lastKnownFileType = wrapper.framework; name = CFNetwork.framework; path = System/Library/Frameworks/CFNetwork.framework; sourceTree = SDKROOT; };
		EE4E255313DB1C97003005D6 /* CoreData.framework */ = {isa = PBXFileReference; lastKnownFileType = wrapper.framework; name = CoreData.framework; path = System/Library/Frameworks/CoreData.framework; sourceTree = SDKROOT; };
		EE4E255413DB1C97003005D6 /* SystemConfiguration.framework */ = {isa = PBXFileReference; lastKnownFileType = wrapper.framework; name = SystemConfiguration.framework; path = System/Library/Frameworks/SystemConfiguration.framework; sourceTree = SDKROOT; };
		EE4E256B13DB1FD2003005D6 /* MobileCoreServices.framework */ = {isa = PBXFileReference; lastKnownFileType = wrapper.framework; name = MobileCoreServices.framework; path = System/Library/Frameworks/MobileCoreServices.framework; sourceTree = SDKROOT; };
		EE4E256E13DB2676003005D6 /* PlayList.h */ = {isa = PBXFileReference; fileEncoding = 4; lastKnownFileType = sourcecode.c.h; path = PlayList.h; sourceTree = "<group>"; };
		EE4E256F13DB2676003005D6 /* PlayList.m */ = {isa = PBXFileReference; fileEncoding = 4; lastKnownFileType = sourcecode.c.objc; path = PlayList.m; sourceTree = "<group>"; };
		EE5CDFC913DE25F200B60CC1 /* Clips.h */ = {isa = PBXFileReference; fileEncoding = 4; lastKnownFileType = sourcecode.c.h; path = Clips.h; sourceTree = "<group>"; };
		EE5CDFCA13DE25F200B60CC1 /* Clips.m */ = {isa = PBXFileReference; fileEncoding = 4; lastKnownFileType = sourcecode.c.objc; path = Clips.m; sourceTree = "<group>"; };
		EE6D04F213CCD3420076850F /* SubscriptionsViewController.h */ = {isa = PBXFileReference; fileEncoding = 4; lastKnownFileType = sourcecode.c.h; path = SubscriptionsViewController.h; sourceTree = "<group>"; };
		EE6D04F313CCD3420076850F /* SubscriptionsViewController.m */ = {isa = PBXFileReference; fileEncoding = 4; lastKnownFileType = sourcecode.c.objc; path = SubscriptionsViewController.m; sourceTree = "<group>"; };
		EE6D04F913CCD7DD0076850F /* PreviewViewController.h */ = {isa = PBXFileReference; fileEncoding = 4; lastKnownFileType = sourcecode.c.h; path = PreviewViewController.h; sourceTree = "<group>"; };
		EE6D04FA13CCD7DD0076850F /* PreviewViewController.m */ = {isa = PBXFileReference; fileEncoding = 4; lastKnownFileType = sourcecode.c.objc; path = PreviewViewController.m; sourceTree = "<group>"; };
		EE6D04FB13CCD7DD0076850F /* PreviewViewController.xib */ = {isa = PBXFileReference; fileEncoding = 4; lastKnownFileType = file.xib; path = PreviewViewController.xib; sourceTree = "<group>"; };
		EE6D04FE13CCD8B80076850F /* bann.png */ = {isa = PBXFileReference; lastKnownFileType = image.png; path = bann.png; sourceTree = "<group>"; };
		EE6D04FF13CCD8B80076850F /* previewImage.png */ = {isa = PBXFileReference; lastKnownFileType = image.png; path = previewImage.png; sourceTree = "<group>"; };
		EE6D050013CCD8B80076850F /* previewPic.png */ = {isa = PBXFileReference; lastKnownFileType = image.png; path = previewPic.png; sourceTree = "<group>"; };
		EE6D050413CCDBE10076850F /* ArtistsViewController.h */ = {isa = PBXFileReference; fileEncoding = 4; lastKnownFileType = sourcecode.c.h; path = ArtistsViewController.h; sourceTree = "<group>"; };
		EE6D050513CCDBE10076850F /* ArtistsViewController.m */ = {isa = PBXFileReference; fileEncoding = 4; lastKnownFileType = sourcecode.c.objc; path = ArtistsViewController.m; sourceTree = "<group>"; };
		EE6D051713CCE08C0076850F /* SearchViewController.h */ = {isa = PBXFileReference; fileEncoding = 4; lastKnownFileType = sourcecode.c.h; path = SearchViewController.h; sourceTree = "<group>"; };
		EE6D051813CCE08C0076850F /* SearchViewController.m */ = {isa = PBXFileReference; fileEncoding = 4; lastKnownFileType = sourcecode.c.objc; path = SearchViewController.m; sourceTree = "<group>"; };
		EE6D051913CCE08D0076850F /* SearchViewController.xib */ = {isa = PBXFileReference; fileEncoding = 4; lastKnownFileType = file.xib; path = SearchViewController.xib; sourceTree = "<group>"; };
		EE6D054713CE3FF00076850F /* PlayListsViewController.h */ = {isa = PBXFileReference; fileEncoding = 4; lastKnownFileType = sourcecode.c.h; path = PlayListsViewController.h; sourceTree = "<group>"; };
		EE6D054813CE3FF00076850F /* PlayListsViewController.m */ = {isa = PBXFileReference; fileEncoding = 4; lastKnownFileType = sourcecode.c.objc; path = PlayListsViewController.m; sourceTree = "<group>"; };
		EE6D054A13CE41FB0076850F /* PlayListViewController.h */ = {isa = PBXFileReference; fileEncoding = 4; lastKnownFileType = sourcecode.c.h; path = PlayListViewController.h; sourceTree = "<group>"; };
		EE6D054B13CE41FB0076850F /* PlayListViewController.m */ = {isa = PBXFileReference; fileEncoding = 4; lastKnownFileType = sourcecode.c.objc; path = PlayListViewController.m; sourceTree = "<group>"; };
		EE6D054C13CE41FC0076850F /* PlayListViewController.xib */ = {isa = PBXFileReference; fileEncoding = 4; lastKnownFileType = file.xib; path = PlayListViewController.xib; sourceTree = "<group>"; };
		EE6D059313CF89080076850F /* XMLDataLoader.h */ = {isa = PBXFileReference; fileEncoding = 4; lastKnownFileType = sourcecode.c.h; path = XMLDataLoader.h; sourceTree = "<group>"; };
		EE6D059413CF89090076850F /* XMLDataLoader.m */ = {isa = PBXFileReference; fileEncoding = 4; lastKnownFileType = sourcecode.c.objc; path = XMLDataLoader.m; sourceTree = "<group>"; };
		EE6D059613CF8FD20076850F /* Artist.h */ = {isa = PBXFileReference; fileEncoding = 4; lastKnownFileType = sourcecode.c.h; path = Artist.h; sourceTree = "<group>"; };
		EE6D059713CF8FD30076850F /* Artist.m */ = {isa = PBXFileReference; fileEncoding = 4; lastKnownFileType = sourcecode.c.objc; path = Artist.m; sourceTree = "<group>"; };
		EE6D059913CF98170076850F /* asyncimageview.h */ = {isa = PBXFileReference; fileEncoding = 4; lastKnownFileType = sourcecode.c.h; path = asyncimageview.h; sourceTree = "<group>"; };
		EE6D059A13CF98180076850F /* asyncimageview.m */ = {isa = PBXFileReference; fileEncoding = 4; lastKnownFileType = sourcecode.c.objc; path = asyncimageview.m; sourceTree = "<group>"; };
		EE6D059E13CFAF230076850F /* MediaPlayer.framework */ = {isa = PBXFileReference; lastKnownFileType = wrapper.framework; name = MediaPlayer.framework; path = System/Library/Frameworks/MediaPlayer.framework; sourceTree = SDKROOT; };
		EE6D05A013CFAF5E0076850F /* PlayerViewController.h */ = {isa = PBXFileReference; fileEncoding = 4; lastKnownFileType = sourcecode.c.h; path = PlayerViewController.h; sourceTree = "<group>"; };
		EE6D05A113CFAF5F0076850F /* PlayerViewController.m */ = {isa = PBXFileReference; fileEncoding = 4; lastKnownFileType = sourcecode.c.objc; path = PlayerViewController.m; sourceTree = "<group>"; };
		EE6D05A513CFB50A0076850F /* share.png */ = {isa = PBXFileReference; lastKnownFileType = image.png; path = share.png; sourceTree = "<group>"; };
		EE6D05A713CFC1320076850F /* back.png */ = {isa = PBXFileReference; lastKnownFileType = image.png; path = back.png; sourceTree = "<group>"; };
		EE6D05A913CFC2A30076850F /* new_done.png */ = {isa = PBXFileReference; lastKnownFileType = image.png; path = new_done.png; sourceTree = "<group>"; };
		EE74376613E20C2300FD9509 /* RestKit.xcodeproj */ = {isa = PBXFileReference; lastKnownFileType = "wrapper.pb-project"; name = RestKit.xcodeproj; path = "RestKit-RestKit-40eb842/RestKit.xcodeproj"; sourceTree = "<group>"; };
		EE74379513E213A600FD9509 /* Icon-72.png */ = {isa = PBXFileReference; lastKnownFileType = image.png; path = "Icon-72.png"; sourceTree = "<group>"; };
		EE74379613E213A600FD9509 /* Icon-Small-50.png */ = {isa = PBXFileReference; lastKnownFileType = image.png; path = "Icon-Small-50.png"; sourceTree = "<group>"; };
		EE74379713E213A600FD9509 /* Icon-Small.png */ = {isa = PBXFileReference; lastKnownFileType = image.png; path = "Icon-Small.png"; sourceTree = "<group>"; };
		EE74379813E213A600FD9509 /* Icon-Small@2x.png */ = {isa = PBXFileReference; lastKnownFileType = image.png; path = "Icon-Small@2x.png"; sourceTree = "<group>"; };
		EE74379913E213A600FD9509 /* Icon.png */ = {isa = PBXFileReference; lastKnownFileType = image.png; path = Icon.png; sourceTree = "<group>"; };
		EE74379A13E213A600FD9509 /* Icon@2x.png */ = {isa = PBXFileReference; lastKnownFileType = image.png; path = "Icon@2x.png"; sourceTree = "<group>"; };
		EE74379B13E213A600FD9509 /* Default@2x.png */ = {isa = PBXFileReference; lastKnownFileType = image.png; path = "Default@2x.png"; sourceTree = "<group>"; };
		EE74379C13E213A600FD9509 /* Default.png */ = {isa = PBXFileReference; lastKnownFileType = image.png; path = Default.png; sourceTree = "<group>"; };
		EE7437A613E213D200FD9509 /* iTunesArtwork */ = {isa = PBXFileReference; lastKnownFileType = file; path = iTunesArtwork; sourceTree = "<group>"; };
		EE8759DB13E6F3BA00B38801 /* ArtistViewController.h */ = {isa = PBXFileReference; fileEncoding = 4; lastKnownFileType = sourcecode.c.h; path = ArtistViewController.h; sourceTree = "<group>"; };
		EE8759DC13E6F3BA00B38801 /* ArtistViewController.m */ = {isa = PBXFileReference; fileEncoding = 4; lastKnownFileType = sourcecode.c.objc; path = ArtistViewController.m; sourceTree = "<group>"; };
		EE8759DE13E71E7C00B38801 /* GenreViewController.h */ = {isa = PBXFileReference; fileEncoding = 4; lastKnownFileType = sourcecode.c.h; path = GenreViewController.h; sourceTree = "<group>"; };
		EE8759DF13E71E7C00B38801 /* GenreViewController.m */ = {isa = PBXFileReference; fileEncoding = 4; lastKnownFileType = sourcecode.c.objc; path = GenreViewController.m; sourceTree = "<group>"; };
		EEA0691213E8A02800C4E1A2 /* next.png */ = {isa = PBXFileReference; lastKnownFileType = image.png; path = next.png; sourceTree = "<group>"; };
		EEA0691313E8A02800C4E1A2 /* prev.png */ = {isa = PBXFileReference; lastKnownFileType = image.png; path = prev.png; sourceTree = "<group>"; };
		EEA7008113E1E4C70017F550 /* libRestKitCoreData.a */ = {isa = PBXFileReference; explicitFileType = archive.ar; path = libRestKitCoreData.a; sourceTree = SOURCE_ROOT; };
		EEA7008213E1E4C70017F550 /* libRestKitJSONParserJSONKit.a */ = {isa = PBXFileReference; explicitFileType = archive.ar; path = libRestKitJSONParserJSONKit.a; sourceTree = SOURCE_ROOT; };
		EEA7008313E1E4C70017F550 /* libRestKitNetwork.a */ = {isa = PBXFileReference; explicitFileType = archive.ar; path = libRestKitNetwork.a; sourceTree = SOURCE_ROOT; };
		EEA7008413E1E4C70017F550 /* libRestKitObjectMapping.a */ = {isa = PBXFileReference; explicitFileType = archive.ar; path = libRestKitObjectMapping.a; sourceTree = SOURCE_ROOT; };
		EEA7008913E1E9670017F550 /* libRestKitSupport.a */ = {isa = PBXFileReference; explicitFileType = archive.ar; path = libRestKitSupport.a; sourceTree = SOURCE_ROOT; };
		EEA7008B13E1EA140017F550 /* Genre.m */ = {isa = PBXFileReference; fileEncoding = 4; lastKnownFileType = sourcecode.c.objc; path = Genre.m; sourceTree = "<group>"; };
		EEA7008C13E1EA140017F550 /* Genre.h */ = {isa = PBXFileReference; fileEncoding = 4; lastKnownFileType = sourcecode.c.h; path = Genre.h; sourceTree = "<group>"; };
		EEA7008D13E1EA140017F550 /* Genres.m */ = {isa = PBXFileReference; fileEncoding = 4; lastKnownFileType = sourcecode.c.objc; path = Genres.m; sourceTree = "<group>"; };
		EEA7008E13E1EA140017F550 /* Genres.h */ = {isa = PBXFileReference; fileEncoding = 4; lastKnownFileType = sourcecode.c.h; path = Genres.h; sourceTree = "<group>"; };
		EEA7008F13E1EA140017F550 /* GanriTableViewCell.m */ = {isa = PBXFileReference; fileEncoding = 4; lastKnownFileType = sourcecode.c.objc; path = GanriTableViewCell.m; sourceTree = "<group>"; };
		EEA7009013E1EA140017F550 /* GanriTableViewCell.h */ = {isa = PBXFileReference; fileEncoding = 4; lastKnownFileType = sourcecode.c.h; path = GanriTableViewCell.h; sourceTree = "<group>"; };
		EEA7009113E1EA140017F550 /* GenresViewController.m */ = {isa = PBXFileReference; fileEncoding = 4; lastKnownFileType = sourcecode.c.objc; path = GenresViewController.m; sourceTree = "<group>"; };
		EEA7009213E1EA140017F550 /* GenresViewController.h */ = {isa = PBXFileReference; fileEncoding = 4; lastKnownFileType = sourcecode.c.h; path = GenresViewController.h; sourceTree = "<group>"; };
		EEA72AD813E07D8900B391D3 /* Entitlements.entitlements */ = {isa = PBXFileReference; fileEncoding = 4; lastKnownFileType = text.xml; path = Entitlements.entitlements; sourceTree = "<group>"; };
		EEB323B813EEB6D1008329F2 /* tabItemGirl.png */ = {isa = PBXFileReference; lastKnownFileType = image.png; path = tabItemGirl.png; sourceTree = "<group>"; };
		EEB323B913EEB6D1008329F2 /* tabItemGirl@2x.png */ = {isa = PBXFileReference; lastKnownFileType = image.png; path = "tabItemGirl@2x.png"; sourceTree = "<group>"; };
		EEB323BA13EEB6D1008329F2 /* tabItemMore.png */ = {isa = PBXFileReference; lastKnownFileType = image.png; path = tabItemMore.png; sourceTree = "<group>"; };
		EEB323BB13EEB6D1008329F2 /* tabItemMore@2x.png */ = {isa = PBXFileReference; lastKnownFileType = image.png; path = "tabItemMore@2x.png"; sourceTree = "<group>"; };
		EEB323BC13EEB6D1008329F2 /* tabItemPlaylist@2x.png */ = {isa = PBXFileReference; lastKnownFileType = image.png; path = "tabItemPlaylist@2x.png"; sourceTree = "<group>"; };
		EEB323C213EEB8F0008329F2 /* tabItemClips.png */ = {isa = PBXFileReference; lastKnownFileType = image.png; path = tabItemClips.png; sourceTree = "<group>"; };
		EEB323C313EEB8F0008329F2 /* tabItemClips@2x.png */ = {isa = PBXFileReference; lastKnownFileType = image.png; path = "tabItemClips@2x.png"; sourceTree = "<group>"; };
		EEB323C413EEB8F0008329F2 /* tabItemHome.png */ = {isa = PBXFileReference; lastKnownFileType = image.png; path = tabItemHome.png; sourceTree = "<group>"; };
		EEB323C513EEB8F1008329F2 /* tabItemHome@2x.png */ = {isa = PBXFileReference; lastKnownFileType = image.png; path = "tabItemHome@2x.png"; sourceTree = "<group>"; };
		EEB323CA13EEBB65008329F2 /* 53-house.png */ = {isa = PBXFileReference; lastKnownFileType = image.png; path = "53-house.png"; sourceTree = "<group>"; };
		EEB323CC13EEBB99008329F2 /* 45-movie-1.png */ = {isa = PBXFileReference; lastKnownFileType = image.png; path = "45-movie-1.png"; sourceTree = "<group>"; };
		EEB323CE13EECC49008329F2 /* info.png */ = {isa = PBXFileReference; lastKnownFileType = image.png; path = info.png; sourceTree = "<group>"; };
		EEB323D413EED646008329F2 /* ChannelViewController.h */ = {isa = PBXFileReference; fileEncoding = 4; lastKnownFileType = sourcecode.c.h; path = ChannelViewController.h; sourceTree = "<group>"; };
		EEB323D513EED646008329F2 /* ChannelViewController.m */ = {isa = PBXFileReference; fileEncoding = 4; lastKnownFileType = sourcecode.c.objc; path = ChannelViewController.m; sourceTree = "<group>"; };
		EEB323D713EED73D008329F2 /* Channels.h */ = {isa = PBXFileReference; fileEncoding = 4; lastKnownFileType = sourcecode.c.h; path = Channels.h; sourceTree = "<group>"; };
		EEB323D813EED73D008329F2 /* Channels.m */ = {isa = PBXFileReference; fileEncoding = 4; lastKnownFileType = sourcecode.c.objc; path = Channels.m; sourceTree = "<group>"; };
		EEB323DA13EED74A008329F2 /* Channel.h */ = {isa = PBXFileReference; fileEncoding = 4; lastKnownFileType = sourcecode.c.h; path = Channel.h; sourceTree = "<group>"; };
		EEB323DB13EED74A008329F2 /* Channel.m */ = {isa = PBXFileReference; fileEncoding = 4; lastKnownFileType = sourcecode.c.objc; path = Channel.m; sourceTree = "<group>"; };
		EEB3240313EEDC1E008329F2 /* ChannelsViewController.h */ = {isa = PBXFileReference; fileEncoding = 4; lastKnownFileType = sourcecode.c.h; path = ChannelsViewController.h; sourceTree = "<group>"; };
		EEB3240413EEDC1E008329F2 /* ChannelsViewController.m */ = {isa = PBXFileReference; fileEncoding = 4; lastKnownFileType = sourcecode.c.objc; path = ChannelsViewController.m; sourceTree = "<group>"; };
		EEB8F7EE13C5FD0D00B70FDB /* ello.app */ = {isa = PBXFileReference; explicitFileType = wrapper.application; includeInIndex = 0; path = ello.app; sourceTree = BUILT_PRODUCTS_DIR; };
		EEB8F7F213C5FD0D00B70FDB /* UIKit.framework */ = {isa = PBXFileReference; lastKnownFileType = wrapper.framework; name = UIKit.framework; path = System/Library/Frameworks/UIKit.framework; sourceTree = SDKROOT; };
		EEB8F7F413C5FD0D00B70FDB /* Foundation.framework */ = {isa = PBXFileReference; lastKnownFileType = wrapper.framework; name = Foundation.framework; path = System/Library/Frameworks/Foundation.framework; sourceTree = SDKROOT; };
		EEB8F7F613C5FD0D00B70FDB /* CoreGraphics.framework */ = {isa = PBXFileReference; lastKnownFileType = wrapper.framework; name = CoreGraphics.framework; path = System/Library/Frameworks/CoreGraphics.framework; sourceTree = SDKROOT; };
		EEB8F7FA13C5FD0D00B70FDB /* ello-Info.plist */ = {isa = PBXFileReference; lastKnownFileType = text.plist.xml; path = "ello-Info.plist"; sourceTree = "<group>"; };
		EEB8F7FC13C5FD0D00B70FDB /* en */ = {isa = PBXFileReference; lastKnownFileType = text.plist.strings; name = en; path = en.lproj/InfoPlist.strings; sourceTree = "<group>"; };
		EEB8F7FE13C5FD0D00B70FDB /* ello-Prefix.pch */ = {isa = PBXFileReference; lastKnownFileType = sourcecode.c.h; path = "ello-Prefix.pch"; sourceTree = "<group>"; };
		EEB8F7FF13C5FD0D00B70FDB /* main.m */ = {isa = PBXFileReference; lastKnownFileType = sourcecode.c.objc; path = main.m; sourceTree = "<group>"; };
		EEB8F80113C5FD0D00B70FDB /* elloAppDelegate.h */ = {isa = PBXFileReference; lastKnownFileType = sourcecode.c.h; path = elloAppDelegate.h; sourceTree = "<group>"; };
		EEB8F80213C5FD0D00B70FDB /* elloAppDelegate.m */ = {isa = PBXFileReference; lastKnownFileType = sourcecode.c.objc; path = elloAppDelegate.m; sourceTree = "<group>"; };
		EEB8F80513C5FD0D00B70FDB /* en */ = {isa = PBXFileReference; lastKnownFileType = file.xib; name = en; path = en.lproj/MainWindow.xib; sourceTree = "<group>"; };
		EECAB46213CB95D900EE96B5 /* VideoTableViewCell.h */ = {isa = PBXFileReference; fileEncoding = 4; lastKnownFileType = sourcecode.c.h; path = VideoTableViewCell.h; sourceTree = "<group>"; };
		EECAB46313CB95D900EE96B5 /* VideoTableViewCell.m */ = {isa = PBXFileReference; fileEncoding = 4; lastKnownFileType = sourcecode.c.objc; path = VideoTableViewCell.m; sourceTree = "<group>"; };
		EECAB46613CB977000EE96B5 /* cellThumb.png */ = {isa = PBXFileReference; lastKnownFileType = image.png; path = cellThumb.png; sourceTree = "<group>"; };
		EECAB46813CB999000EE96B5 /* VideoObject.h */ = {isa = PBXFileReference; fileEncoding = 4; lastKnownFileType = sourcecode.c.h; path = VideoObject.h; sourceTree = "<group>"; };
		EECAB46913CB999000EE96B5 /* VideoObject.m */ = {isa = PBXFileReference; fileEncoding = 4; lastKnownFileType = sourcecode.c.objc; path = VideoObject.m; sourceTree = "<group>"; };
		EECAB46B13CB9EBC00EE96B5 /* cellBG.png */ = {isa = PBXFileReference; lastKnownFileType = image.png; path = cellBG.png; sourceTree = "<group>"; };
		EECAB46D13CBA30000EE96B5 /* iAd.framework */ = {isa = PBXFileReference; lastKnownFileType = wrapper.framework; name = iAd.framework; path = System/Library/Frameworks/iAd.framework; sourceTree = SDKROOT; };
		EECFB8D613E08B1E00BB3D80 /* Foundation.framework */ = {isa = PBXFileReference; lastKnownFileType = wrapper.framework; name = Foundation.framework; path = System/Library/Frameworks/Foundation.framework; sourceTree = SDKROOT; };
		EECFB8EE13E0C89C00BB3D80 /* SlideshowImageView.h */ = {isa = PBXFileReference; fileEncoding = 4; lastKnownFileType = sourcecode.c.h; path = SlideshowImageView.h; sourceTree = "<group>"; };
		EECFB8EF13E0C89C00BB3D80 /* SlideshowImageView.m */ = {isa = PBXFileReference; fileEncoding = 4; lastKnownFileType = sourcecode.c.objc; path = SlideshowImageView.m; sourceTree = "<group>"; };
		EEDB552113D0307200038999 /* RootViewController.h */ = {isa = PBXFileReference; fileEncoding = 4; lastKnownFileType = sourcecode.c.h; path = RootViewController.h; sourceTree = "<group>"; };
		EEDB552213D0307200038999 /* RootViewController.m */ = {isa = PBXFileReference; fileEncoding = 4; lastKnownFileType = sourcecode.c.objc; path = RootViewController.m; sourceTree = "<group>"; };
		EEDB552513D0319600038999 /* QuartzCore.framework */ = {isa = PBXFileReference; lastKnownFileType = wrapper.framework; name = QuartzCore.framework; path = System/Library/Frameworks/QuartzCore.framework; sourceTree = SDKROOT; };
		EEEC3D3C13EB35DA002BAD53 /* MultiPlayerViewController.h */ = {isa = PBXFileReference; fileEncoding = 4; lastKnownFileType = sourcecode.c.h; path = MultiPlayerViewController.h; sourceTree = "<group>"; };
		EEEC3D3D13EB35DA002BAD53 /* MultiPlayerViewController.m */ = {isa = PBXFileReference; fileEncoding = 4; lastKnownFileType = sourcecode.c.objc; path = MultiPlayerViewController.m; sourceTree = "<group>"; };
		EEF2270513C6554A004731BE /* banner.png */ = {isa = PBXFileReference; lastKnownFileType = image.png; path = banner.png; sourceTree = "<group>"; };
		EEF2270713C65695004731BE /* IndexViewController.h */ = {isa = PBXFileReference; fileEncoding = 4; lastKnownFileType = sourcecode.c.h; path = IndexViewController.h; sourceTree = "<group>"; };
		EEF2270813C65695004731BE /* IndexViewController.m */ = {isa = PBXFileReference; fileEncoding = 4; lastKnownFileType = sourcecode.c.objc; path = IndexViewController.m; sourceTree = "<group>"; };
		EEF2272013C78996004731BE /* tabItemPlaylist.png */ = {isa = PBXFileReference; lastKnownFileType = image.png; path = tabItemPlaylist.png; sourceTree = "<group>"; };
		EEF2272113C78996004731BE /* tabItemVideo.png */ = {isa = PBXFileReference; lastKnownFileType = image.png; path = tabItemVideo.png; sourceTree = "<group>"; };
		EEF2272D13C78D15004731BE /* AdView.h */ = {isa = PBXFileReference; fileEncoding = 4; lastKnownFileType = sourcecode.c.h; path = AdView.h; sourceTree = "<group>"; };
		EEF2272E13C78D16004731BE /* AdView.m */ = {isa = PBXFileReference; fileEncoding = 4; lastKnownFileType = sourcecode.c.objc; path = AdView.m; sourceTree = "<group>"; };
		EEF2273013C792D8004731BE /* photo1.png */ = {isa = PBXFileReference; lastKnownFileType = image.png; path = photo1.png; sourceTree = "<group>"; };
		EEF2273113C792D8004731BE /* photo2.png */ = {isa = PBXFileReference; lastKnownFileType = image.png; path = photo2.png; sourceTree = "<group>"; };
		EEF2274613C79EDA004731BE /* photo3.png */ = {isa = PBXFileReference; lastKnownFileType = image.png; path = photo3.png; sourceTree = "<group>"; };
		EEF2274A13C7A68E004731BE /* ClipsViewController.h */ = {isa = PBXFileReference; fileEncoding = 4; lastKnownFileType = sourcecode.c.h; path = ClipsViewController.h; sourceTree = "<group>"; };
		EEF2274B13C7A68E004731BE /* ClipsViewController.m */ = {isa = PBXFileReference; fileEncoding = 4; lastKnownFileType = sourcecode.c.objc; path = ClipsViewController.m; sourceTree = "<group>"; };
		EEF6AB8213DF8B94001418E3 /* PlayLists.h */ = {isa = PBXFileReference; fileEncoding = 4; lastKnownFileType = sourcecode.c.h; path = PlayLists.h; sourceTree = "<group>"; };
		EEF6AB8313DF8B94001418E3 /* PlayLists.m */ = {isa = PBXFileReference; fileEncoding = 4; lastKnownFileType = sourcecode.c.objc; path = PlayLists.m; sourceTree = "<group>"; };
		EEF6AB8513DF9D0D001418E3 /* Artists.h */ = {isa = PBXFileReference; fileEncoding = 4; lastKnownFileType = sourcecode.c.h; path = Artists.h; sourceTree = "<group>"; };
		EEF6AB8613DF9D0D001418E3 /* Artists.m */ = {isa = PBXFileReference; fileEncoding = 4; lastKnownFileType = sourcecode.c.objc; path = Artists.m; sourceTree = "<group>"; };
		EEF85F9A13E72DA8001AF525 /* ru-RU */ = {isa = PBXFileReference; lastKnownFileType = file.xib; name = "ru-RU"; path = "/Users/idimka/github/ello/ello/ru-RU.lproj/MainWindow.xib"; sourceTree = "<absolute>"; };
		EEF85F9B13E72DA8001AF525 /* ru-RU */ = {isa = PBXFileReference; lastKnownFileType = text.plist.strings; name = "ru-RU"; path = "/Users/idimka/github/ello/ello/ru-RU.lproj/InfoPlist.strings"; sourceTree = "<absolute>"; };
		EEFB250F13E5BEBC00BA8BD1 /* TabbarViewController.xib */ = {isa = PBXFileReference; fileEncoding = 4; lastKnownFileType = file.xib; path = TabbarViewController.xib; sourceTree = "<group>"; };
		EEFB251113E5CFC100BA8BD1 /* artista_32.png */ = {isa = PBXFileReference; lastKnownFileType = image.png; path = artista_32.png; sourceTree = "<group>"; };
		EEFB251213E5CFC100BA8BD1 /* clip.png */ = {isa = PBXFileReference; lastKnownFileType = image.png; path = clip.png; sourceTree = "<group>"; };
		EEFB251313E5CFC100BA8BD1 /* player_playlist.png */ = {isa = PBXFileReference; lastKnownFileType = image.png; path = player_playlist.png; sourceTree = "<group>"; };
		EEFB251413E5CFC100BA8BD1 /* slideshow.png */ = {isa = PBXFileReference; lastKnownFileType = image.png; path = slideshow.png; sourceTree = "<group>"; };
		EEFB251D13E5EB6D00BA8BD1 /* MKEntryPanel.h */ = {isa = PBXFileReference; fileEncoding = 4; lastKnownFileType = sourcecode.c.h; path = MKEntryPanel.h; sourceTree = "<group>"; };
		EEFB251E13E5EB6D00BA8BD1 /* MKEntryPanel.m */ = {isa = PBXFileReference; fileEncoding = 4; lastKnownFileType = sourcecode.c.objc; path = MKEntryPanel.m; sourceTree = "<group>"; };
		EEFB251F13E5EB6D00BA8BD1 /* MKEntryPanel.xib */ = {isa = PBXFileReference; fileEncoding = 4; lastKnownFileType = file.xib; path = MKEntryPanel.xib; sourceTree = "<group>"; };
		EEFB252013E5EB6E00BA8BD1 /* TopBar.png */ = {isa = PBXFileReference; lastKnownFileType = image.png; path = TopBar.png; sourceTree = "<group>"; };
		EEFB252113E5EB6F00BA8BD1 /* TopBar@2x.png */ = {isa = PBXFileReference; lastKnownFileType = image.png; path = "TopBar@2x.png"; sourceTree = "<group>"; };
/* End PBXFileReference section */

/* Begin PBXFrameworksBuildPhase section */
		EEB8F7EB13C5FD0D00B70FDB /* Frameworks */ = {
			isa = PBXFrameworksBuildPhase;
			buildActionMask = 2147483647;
			files = (
				EE74379013E20C4B00FD9509 /* libRestKitCoreData.a in Frameworks */,
				EE74379113E20C4B00FD9509 /* libRestKitJSONParserJSONKit.a in Frameworks */,
				EE74379213E20C4B00FD9509 /* libRestKitNetwork.a in Frameworks */,
				EE74379313E20C4B00FD9509 /* libRestKitObjectMapping.a in Frameworks */,
				EE74379413E20C4B00FD9509 /* libRestKitSupport.a in Frameworks */,
				EECFB8D713E08B1E00BB3D80 /* Foundation.framework in Frameworks */,
				EE4E256C13DB1FD2003005D6 /* MobileCoreServices.framework in Frameworks */,
				EE4E255513DB1C97003005D6 /* CFNetwork.framework in Frameworks */,
				EE4E255613DB1C97003005D6 /* CoreData.framework in Frameworks */,
				EE4E255713DB1C97003005D6 /* SystemConfiguration.framework in Frameworks */,
				EEDB552613D0319600038999 /* QuartzCore.framework in Frameworks */,
				EE6D059F13CFAF250076850F /* MediaPlayer.framework in Frameworks */,
				EECAB46E13CBA30000EE96B5 /* iAd.framework in Frameworks */,
				EEB8F7F313C5FD0D00B70FDB /* UIKit.framework in Frameworks */,
				EEB8F7F713C5FD0D00B70FDB /* CoreGraphics.framework in Frameworks */,
			);
			runOnlyForDeploymentPostprocessing = 0;
		};
/* End PBXFrameworksBuildPhase section */

/* Begin PBXGroup section */
		EE6D04F113CCD3190076850F /* Subscriptions */ = {
			isa = PBXGroup;
			children = (
				EE6D04F213CCD3420076850F /* SubscriptionsViewController.h */,
				EE6D04F313CCD3420076850F /* SubscriptionsViewController.m */,
			);
			name = Subscriptions;
			sourceTree = "<group>";
		};
		EE6D04F813CCD78C0076850F /* Preview */ = {
			isa = PBXGroup;
			children = (
				EE6D04F913CCD7DD0076850F /* PreviewViewController.h */,
				EE6D04FA13CCD7DD0076850F /* PreviewViewController.m */,
				EE6D04FB13CCD7DD0076850F /* PreviewViewController.xib */,
				EE6D05A013CFAF5E0076850F /* PlayerViewController.h */,
				EE6D05A113CFAF5F0076850F /* PlayerViewController.m */,
				EEEC3D3C13EB35DA002BAD53 /* MultiPlayerViewController.h */,
				EEEC3D3D13EB35DA002BAD53 /* MultiPlayerViewController.m */,
			);
			name = Preview;
			sourceTree = "<group>";
		};
		EE6D050813CCDC060076850F /* Artist */ = {
			isa = PBXGroup;
			children = (
				EE6D050413CCDBE10076850F /* ArtistsViewController.h */,
				EE6D050513CCDBE10076850F /* ArtistsViewController.m */,
				EE8759DB13E6F3BA00B38801 /* ArtistViewController.h */,
				EE8759DC13E6F3BA00B38801 /* ArtistViewController.m */,
				EE6D059613CF8FD20076850F /* Artist.h */,
				EE6D059713CF8FD30076850F /* Artist.m */,
				EEF6AB8513DF9D0D001418E3 /* Artists.h */,
				EEF6AB8613DF9D0D001418E3 /* Artists.m */,
			);
			name = Artist;
			sourceTree = "<group>";
		};
		EE6D051C13CCE0980076850F /* Search */ = {
			isa = PBXGroup;
			children = (
				EE6D051713CCE08C0076850F /* SearchViewController.h */,
				EE6D051813CCE08C0076850F /* SearchViewController.m */,
				EE6D051913CCE08D0076850F /* SearchViewController.xib */,
			);
			name = Search;
			sourceTree = "<group>";
		};
		EE6D054513CE3FC50076850F /* PlayList */ = {
			isa = PBXGroup;
			children = (
				EE6D054713CE3FF00076850F /* PlayListsViewController.h */,
				EE6D054813CE3FF00076850F /* PlayListsViewController.m */,
				EE4E256E13DB2676003005D6 /* PlayList.h */,
				EE4E256F13DB2676003005D6 /* PlayList.m */,
				EEF6AB8213DF8B94001418E3 /* PlayLists.h */,
				EEF6AB8313DF8B94001418E3 /* PlayLists.m */,
				EE6D054A13CE41FB0076850F /* PlayListViewController.h */,
				EE6D054B13CE41FB0076850F /* PlayListViewController.m */,
				EE6D054C13CE41FC0076850F /* PlayListViewController.xib */,
			);
			name = PlayList;
			sourceTree = "<group>";
		};
		EE74375E13E1F6DD00FD9509 /* Ganre */ = {
			isa = PBXGroup;
			children = (
				EEA7009213E1EA140017F550 /* GenresViewController.h */,
				EEA7009113E1EA140017F550 /* GenresViewController.m */,
				EE8759DE13E71E7C00B38801 /* GenreViewController.h */,
				EE8759DF13E71E7C00B38801 /* GenreViewController.m */,
				EEA7008C13E1EA140017F550 /* Genre.h */,
				EEA7008B13E1EA140017F550 /* Genre.m */,
				EEA7008E13E1EA140017F550 /* Genres.h */,
				EEA7008D13E1EA140017F550 /* Genres.m */,
				EEA7009013E1EA140017F550 /* GanriTableViewCell.h */,
				EEA7008F13E1EA140017F550 /* GanriTableViewCell.m */,
			);
			name = Ganre;
			sourceTree = "<group>";
		};
		EE74376713E20C2300FD9509 /* Products */ = {
			isa = PBXGroup;
			children = (
				EE74377B13E20C2400FD9509 /* libRestKitNetwork.a */,
				EE74377D13E20C2400FD9509 /* libRestKitObjectMapping.a */,
				EE74377F13E20C2400FD9509 /* libRestKitSupport.a */,
				EE74378113E20C2400FD9509 /* libRestKitJSONParserYAJL.a */,
				EE74378313E20C2400FD9509 /* libRestKitJSONParserSBJSON.a */,
				EE74378513E20C2400FD9509 /* libRestKitJSONParserJSONKit.a */,
				EE74378713E20C2400FD9509 /* libRestKitXMLParserLibxml.a */,
				EE74378913E20C2400FD9509 /* libRestKitCoreData.a */,
				EE74378B13E20C2400FD9509 /* libRestKitThree20.a */,
				EE74378D13E20C2400FD9509 /* UISpec.app */,
			);
			name = Products;
			sourceTree = "<group>";
		};
		EE7437A513E213B100FD9509 /* icons */ = {
			isa = PBXGroup;
			children = (
				EE6D05A913CFC2A30076850F /* new_done.png */,
				EE7437A613E213D200FD9509 /* iTunesArtwork */,
				EE74379513E213A600FD9509 /* Icon-72.png */,
				EE74379613E213A600FD9509 /* Icon-Small-50.png */,
				EE74379713E213A600FD9509 /* Icon-Small.png */,
				EE74379813E213A600FD9509 /* Icon-Small@2x.png */,
				EE74379913E213A600FD9509 /* Icon.png */,
				EE74379A13E213A600FD9509 /* Icon@2x.png */,
				EE74379B13E213A600FD9509 /* Default@2x.png */,
				EE74379C13E213A600FD9509 /* Default.png */,
			);
			name = icons;
			sourceTree = "<group>";
		};
		EEB323D313EED62C008329F2 /* Channels */ = {
			isa = PBXGroup;
			children = (
				EEB3240313EEDC1E008329F2 /* ChannelsViewController.h */,
				EEB3240413EEDC1E008329F2 /* ChannelsViewController.m */,
				EEB323D413EED646008329F2 /* ChannelViewController.h */,
				EEB323D513EED646008329F2 /* ChannelViewController.m */,
				EEB323D713EED73D008329F2 /* Channels.h */,
				EEB323D813EED73D008329F2 /* Channels.m */,
				EEB323DA13EED74A008329F2 /* Channel.h */,
				EEB323DB13EED74A008329F2 /* Channel.m */,
			);
			name = Channels;
			sourceTree = "<group>";
		};
		EEB8F7E313C5FD0D00B70FDB = {
			isa = PBXGroup;
			children = (
				EE74376613E20C2300FD9509 /* RestKit.xcodeproj */,
				EEB8F7F813C5FD0D00B70FDB /* ello */,
				EEB8F7F113C5FD0D00B70FDB /* Frameworks */,
				EEB8F7EF13C5FD0D00B70FDB /* Products */,
			);
			sourceTree = "<group>";
		};
		EEB8F7EF13C5FD0D00B70FDB /* Products */ = {
			isa = PBXGroup;
			children = (
				EEB8F7EE13C5FD0D00B70FDB /* ello.app */,
			);
			name = Products;
			sourceTree = "<group>";
		};
		EEB8F7F113C5FD0D00B70FDB /* Frameworks */ = {
			isa = PBXGroup;
			children = (
				EEA7008913E1E9670017F550 /* libRestKitSupport.a */,
				EEA7008113E1E4C70017F550 /* libRestKitCoreData.a */,
				EEA7008213E1E4C70017F550 /* libRestKitJSONParserJSONKit.a */,
				EEA7008313E1E4C70017F550 /* libRestKitNetwork.a */,
				EEA7008413E1E4C70017F550 /* libRestKitObjectMapping.a */,
				EECFB8D613E08B1E00BB3D80 /* Foundation.framework */,
				EE4E256B13DB1FD2003005D6 /* MobileCoreServices.framework */,
				EE4E255213DB1C97003005D6 /* CFNetwork.framework */,
				EE4E255313DB1C97003005D6 /* CoreData.framework */,
				EE4E255413DB1C97003005D6 /* SystemConfiguration.framework */,
				EEDB552513D0319600038999 /* QuartzCore.framework */,
				EE6D059E13CFAF230076850F /* MediaPlayer.framework */,
				EECAB46D13CBA30000EE96B5 /* iAd.framework */,
				EEB8F7F213C5FD0D00B70FDB /* UIKit.framework */,
				EEB8F7F413C5FD0D00B70FDB /* Foundation.framework */,
				EEB8F7F613C5FD0D00B70FDB /* CoreGraphics.framework */,
			);
			name = Frameworks;
			sourceTree = "<group>";
		};
		EEB8F7F813C5FD0D00B70FDB /* ello */ = {
			isa = PBXGroup;
			children = (
				EEB8F80113C5FD0D00B70FDB /* elloAppDelegate.h */,
				EEB8F80213C5FD0D00B70FDB /* elloAppDelegate.m */,
				EE6D059313CF89080076850F /* XMLDataLoader.h */,
				EE6D059413CF89090076850F /* XMLDataLoader.m */,
				EE6D059913CF98170076850F /* asyncimageview.h */,
				EE6D059A13CF98180076850F /* asyncimageview.m */,
				EEDB552113D0307200038999 /* RootViewController.h */,
				EEDB552213D0307200038999 /* RootViewController.m */,
				EEB8F80413C5FD0D00B70FDB /* MainWindow.xib */,
				EEFB250F13E5BEBC00BA8BD1 /* TabbarViewController.xib */,
				EEB323D313EED62C008329F2 /* Channels */,
				EE74375E13E1F6DD00FD9509 /* Ganre */,
				EE6D054513CE3FC50076850F /* PlayList */,
				EE6D051C13CCE0980076850F /* Search */,
				EE6D050813CCDC060076850F /* Artist */,
				EE6D04F813CCD78C0076850F /* Preview */,
				EE6D04F113CCD3190076850F /* Subscriptions */,
				EEF2274813C7A63C004731BE /* General */,
				EEF2274913C7A64A004731BE /* Clips */,
				EEB8F7F913C5FD0D00B70FDB /* Supporting Files */,
			);
			path = ello;
			sourceTree = "<group>";
		};
		EEB8F7F913C5FD0D00B70FDB /* Supporting Files */ = {
			isa = PBXGroup;
			children = (
				EEA0691213E8A02800C4E1A2 /* next.png */,
				EEA0691313E8A02800C4E1A2 /* prev.png */,
				EEB323CE13EECC49008329F2 /* info.png */,
				EEFB251113E5CFC100BA8BD1 /* artista_32.png */,
				EEFB251213E5CFC100BA8BD1 /* clip.png */,
				EEFB251313E5CFC100BA8BD1 /* player_playlist.png */,
				EEFB251413E5CFC100BA8BD1 /* slideshow.png */,
				EE1E6C2713E3426A006794C7 /* addToPl.png */,
				EE1E6C2513E33764006794C7 /* player_pause.png */,
				EE1E6C2313E335EF006794C7 /* player_play.png */,
				EEA72AD813E07D8900B391D3 /* Entitlements.entitlements */,
				EEF2270113C651FC004731BE /* images */,
				EEB8F7FA13C5FD0D00B70FDB /* ello-Info.plist */,
				EEB8F7FB13C5FD0D00B70FDB /* InfoPlist.strings */,
				EEB8F7FE13C5FD0D00B70FDB /* ello-Prefix.pch */,
				EEB8F7FF13C5FD0D00B70FDB /* main.m */,
			);
			name = "Supporting Files";
			sourceTree = "<group>";
		};
		EEF2270113C651FC004731BE /* images */ = {
			isa = PBXGroup;
			children = (
				EE7437A513E213B100FD9509 /* icons */,
				EE6D05A713CFC1320076850F /* back.png */,
				EE6D05A513CFB50A0076850F /* share.png */,
				EEB323CC13EEBB99008329F2 /* 45-movie-1.png */,
				EE6D04FE13CCD8B80076850F /* bann.png */,
				EE6D04FF13CCD8B80076850F /* previewImage.png */,
				EE6D050013CCD8B80076850F /* previewPic.png */,
				EECAB46B13CB9EBC00EE96B5 /* cellBG.png */,
				EECAB46613CB977000EE96B5 /* cellThumb.png */,
				EEF2273013C792D8004731BE /* photo1.png */,
				EEF2273113C792D8004731BE /* photo2.png */,
				EEB323CA13EEBB65008329F2 /* 53-house.png */,
				EEF2274613C79EDA004731BE /* photo3.png */,
				EEF2272113C78996004731BE /* tabItemVideo.png */,
				EEB323B813EEB6D1008329F2 /* tabItemGirl.png */,
				EEB323B913EEB6D1008329F2 /* tabItemGirl@2x.png */,
				EEB323BA13EEB6D1008329F2 /* tabItemMore.png */,
				EEB323BB13EEB6D1008329F2 /* tabItemMore@2x.png */,
				EEB323BC13EEB6D1008329F2 /* tabItemPlaylist@2x.png */,
				EEF2272013C78996004731BE /* tabItemPlaylist.png */,
				EEB323C213EEB8F0008329F2 /* tabItemClips.png */,
				EEB323C313EEB8F0008329F2 /* tabItemClips@2x.png */,
				EEB323C413EEB8F0008329F2 /* tabItemHome.png */,
				EEB323C513EEB8F1008329F2 /* tabItemHome@2x.png */,
				EEF2270513C6554A004731BE /* banner.png */,
			);
			name = images;
			sourceTree = "<group>";
		};
		EEF2274813C7A63C004731BE /* General */ = {
			isa = PBXGroup;
			children = (
				EEF2270713C65695004731BE /* IndexViewController.h */,
				EEF2270813C65695004731BE /* IndexViewController.m */,
				EECFB8EE13E0C89C00BB3D80 /* SlideshowImageView.h */,
				EECFB8EF13E0C89C00BB3D80 /* SlideshowImageView.m */,
				EEF2272D13C78D15004731BE /* AdView.h */,
				EEF2272E13C78D16004731BE /* AdView.m */,
			);
			name = General;
			sourceTree = "<group>";
		};
		EEF2274913C7A64A004731BE /* Clips */ = {
			isa = PBXGroup;
			children = (
				EEF2274A13C7A68E004731BE /* ClipsViewController.h */,
				EEF2274B13C7A68E004731BE /* ClipsViewController.m */,
				EEFB252613E5EB8500BA8BD1 /* MKEntryPanel */,
				EE1E6C4313E34972006794C7 /* MyPlaylist.xcdatamodeld */,
				EE5CDFC913DE25F200B60CC1 /* Clips.h */,
				EE5CDFCA13DE25F200B60CC1 /* Clips.m */,
				EE001B0D13D04BB100A7D719 /* Clip.h */,
				EE001B0E13D04BB100A7D719 /* Clip.m */,
				EECAB46213CB95D900EE96B5 /* VideoTableViewCell.h */,
				EECAB46313CB95D900EE96B5 /* VideoTableViewCell.m */,
				EECAB46813CB999000EE96B5 /* VideoObject.h */,
				EECAB46913CB999000EE96B5 /* VideoObject.m */,
			);
			name = Clips;
			sourceTree = "<group>";
		};
		EEFB252613E5EB8500BA8BD1 /* MKEntryPanel */ = {
			isa = PBXGroup;
			children = (
				EEFB251D13E5EB6D00BA8BD1 /* MKEntryPanel.h */,
				EEFB251E13E5EB6D00BA8BD1 /* MKEntryPanel.m */,
				EEFB251F13E5EB6D00BA8BD1 /* MKEntryPanel.xib */,
				EEFB252013E5EB6E00BA8BD1 /* TopBar.png */,
				EEFB252113E5EB6F00BA8BD1 /* TopBar@2x.png */,
			);
			name = MKEntryPanel;
			sourceTree = "<group>";
		};
/* End PBXGroup section */

/* Begin PBXNativeTarget section */
		EEB8F7ED13C5FD0D00B70FDB /* ello */ = {
			isa = PBXNativeTarget;
			buildConfigurationList = EEB8F81513C5FD0E00B70FDB /* Build configuration list for PBXNativeTarget "ello" */;
			buildPhases = (
				EEB8F7EA13C5FD0D00B70FDB /* Sources */,
				EEB8F7EB13C5FD0D00B70FDB /* Frameworks */,
				EEB8F7EC13C5FD0D00B70FDB /* Resources */,
			);
			buildRules = (
			);
			dependencies = (
				EE74378F13E20C3600FD9509 /* PBXTargetDependency */,
			);
			name = ello;
			productName = ello;
			productReference = EEB8F7EE13C5FD0D00B70FDB /* ello.app */;
			productType = "com.apple.product-type.application";
		};
/* End PBXNativeTarget section */

/* Begin PBXProject section */
		EEB8F7E513C5FD0D00B70FDB /* Project object */ = {
			isa = PBXProject;
			attributes = {
				ORGANIZATIONNAME = iDimka;
			};
			buildConfigurationList = EEB8F7E813C5FD0D00B70FDB /* Build configuration list for PBXProject "ello" */;
			compatibilityVersion = "Xcode 3.2";
			developmentRegion = English;
			hasScannedForEncodings = 0;
			knownRegions = (
				en,
			);
			mainGroup = EEB8F7E313C5FD0D00B70FDB;
			productRefGroup = EEB8F7EF13C5FD0D00B70FDB /* Products */;
			projectDirPath = "";
			projectReferences = (
				{
					ProductGroup = EE74376713E20C2300FD9509 /* Products */;
					ProjectRef = EE74376613E20C2300FD9509 /* RestKit.xcodeproj */;
				},
			);
			projectRoot = "";
			targets = (
				EEB8F7ED13C5FD0D00B70FDB /* ello */,
			);
		};
/* End PBXProject section */

/* Begin PBXReferenceProxy section */
		EE74377B13E20C2400FD9509 /* libRestKitNetwork.a */ = {
			isa = PBXReferenceProxy;
			fileType = archive.ar;
			path = libRestKitNetwork.a;
			remoteRef = EE74377A13E20C2400FD9509 /* PBXContainerItemProxy */;
			sourceTree = BUILT_PRODUCTS_DIR;
		};
		EE74377D13E20C2400FD9509 /* libRestKitObjectMapping.a */ = {
			isa = PBXReferenceProxy;
			fileType = archive.ar;
			path = libRestKitObjectMapping.a;
			remoteRef = EE74377C13E20C2400FD9509 /* PBXContainerItemProxy */;
			sourceTree = BUILT_PRODUCTS_DIR;
		};
		EE74377F13E20C2400FD9509 /* libRestKitSupport.a */ = {
			isa = PBXReferenceProxy;
			fileType = archive.ar;
			path = libRestKitSupport.a;
			remoteRef = EE74377E13E20C2400FD9509 /* PBXContainerItemProxy */;
			sourceTree = BUILT_PRODUCTS_DIR;
		};
		EE74378113E20C2400FD9509 /* libRestKitJSONParserYAJL.a */ = {
			isa = PBXReferenceProxy;
			fileType = archive.ar;
			path = libRestKitJSONParserYAJL.a;
			remoteRef = EE74378013E20C2400FD9509 /* PBXContainerItemProxy */;
			sourceTree = BUILT_PRODUCTS_DIR;
		};
		EE74378313E20C2400FD9509 /* libRestKitJSONParserSBJSON.a */ = {
			isa = PBXReferenceProxy;
			fileType = archive.ar;
			path = libRestKitJSONParserSBJSON.a;
			remoteRef = EE74378213E20C2400FD9509 /* PBXContainerItemProxy */;
			sourceTree = BUILT_PRODUCTS_DIR;
		};
		EE74378513E20C2400FD9509 /* libRestKitJSONParserJSONKit.a */ = {
			isa = PBXReferenceProxy;
			fileType = archive.ar;
			path = libRestKitJSONParserJSONKit.a;
			remoteRef = EE74378413E20C2400FD9509 /* PBXContainerItemProxy */;
			sourceTree = BUILT_PRODUCTS_DIR;
		};
		EE74378713E20C2400FD9509 /* libRestKitXMLParserLibxml.a */ = {
			isa = PBXReferenceProxy;
			fileType = archive.ar;
			path = libRestKitXMLParserLibxml.a;
			remoteRef = EE74378613E20C2400FD9509 /* PBXContainerItemProxy */;
			sourceTree = BUILT_PRODUCTS_DIR;
		};
		EE74378913E20C2400FD9509 /* libRestKitCoreData.a */ = {
			isa = PBXReferenceProxy;
			fileType = archive.ar;
			path = libRestKitCoreData.a;
			remoteRef = EE74378813E20C2400FD9509 /* PBXContainerItemProxy */;
			sourceTree = BUILT_PRODUCTS_DIR;
		};
		EE74378B13E20C2400FD9509 /* libRestKitThree20.a */ = {
			isa = PBXReferenceProxy;
			fileType = archive.ar;
			path = libRestKitThree20.a;
			remoteRef = EE74378A13E20C2400FD9509 /* PBXContainerItemProxy */;
			sourceTree = BUILT_PRODUCTS_DIR;
		};
		EE74378D13E20C2400FD9509 /* UISpec.app */ = {
			isa = PBXReferenceProxy;
			fileType = wrapper.application;
			path = UISpec.app;
			remoteRef = EE74378C13E20C2400FD9509 /* PBXContainerItemProxy */;
			sourceTree = BUILT_PRODUCTS_DIR;
		};
/* End PBXReferenceProxy section */

/* Begin PBXResourcesBuildPhase section */
		EEB8F7EC13C5FD0D00B70FDB /* Resources */ = {
			isa = PBXResourcesBuildPhase;
			buildActionMask = 2147483647;
			files = (
				EEB8F7FD13C5FD0D00B70FDB /* InfoPlist.strings in Resources */,
				EEB8F80613C5FD0D00B70FDB /* MainWindow.xib in Resources */,
				EEF2270613C6554A004731BE /* banner.png in Resources */,
				EEF2272213C78996004731BE /* tabItemPlaylist.png in Resources */,
				EEF2272313C78996004731BE /* tabItemVideo.png in Resources */,
				EEF2273213C792D8004731BE /* photo1.png in Resources */,
				EEF2273313C792D8004731BE /* photo2.png in Resources */,
				EEF2274713C79EDB004731BE /* photo3.png in Resources */,
				EECAB46713CB977000EE96B5 /* cellThumb.png in Resources */,
				EECAB46C13CB9EBC00EE96B5 /* cellBG.png in Resources */,
				EE6D04FD13CCD7DD0076850F /* PreviewViewController.xib in Resources */,
				EE6D050113CCD8B80076850F /* bann.png in Resources */,
				EE6D050213CCD8B80076850F /* previewImage.png in Resources */,
				EE6D050313CCD8B80076850F /* previewPic.png in Resources */,
				EE6D051B13CCE08D0076850F /* SearchViewController.xib in Resources */,
				EE6D054E13CE41FC0076850F /* PlayListViewController.xib in Resources */,
				EE6D05A613CFB50B0076850F /* share.png in Resources */,
				EE6D05A813CFC1330076850F /* back.png in Resources */,
				EE6D05AA13CFC2A40076850F /* new_done.png in Resources */,
				EE74379D13E213A600FD9509 /* Icon-72.png in Resources */,
				EE74379E13E213A600FD9509 /* Icon-Small-50.png in Resources */,
				EE74379F13E213A600FD9509 /* Icon-Small.png in Resources */,
				EE7437A013E213A600FD9509 /* Icon-Small@2x.png in Resources */,
				EE7437A113E213A600FD9509 /* Icon.png in Resources */,
				EE7437A213E213A600FD9509 /* Icon@2x.png in Resources */,
				EE7437A313E213A600FD9509 /* Default@2x.png in Resources */,
				EE7437A413E213A600FD9509 /* Default.png in Resources */,
				EE7437A713E213D200FD9509 /* iTunesArtwork in Resources */,
				EE1E6C2413E335EF006794C7 /* player_play.png in Resources */,
				EE1E6C2613E33764006794C7 /* player_pause.png in Resources */,
				EE1E6C2813E3426A006794C7 /* addToPl.png in Resources */,
				EEFB251013E5BEBD00BA8BD1 /* TabbarViewController.xib in Resources */,
				EEFB251513E5CFC100BA8BD1 /* artista_32.png in Resources */,
				EEFB251613E5CFC100BA8BD1 /* clip.png in Resources */,
				EEFB251713E5CFC100BA8BD1 /* player_playlist.png in Resources */,
				EEFB251813E5CFC200BA8BD1 /* slideshow.png in Resources */,
				EEFB252313E5EB6F00BA8BD1 /* MKEntryPanel.xib in Resources */,
				EEFB252413E5EB6F00BA8BD1 /* TopBar.png in Resources */,
				EEFB252513E5EB6F00BA8BD1 /* TopBar@2x.png in Resources */,
				EEA0691413E8A02800C4E1A2 /* next.png in Resources */,
				EEA0691513E8A02800C4E1A2 /* prev.png in Resources */,
				EEB323BD13EEB6D1008329F2 /* tabItemGirl.png in Resources */,
				EEB323BE13EEB6D1008329F2 /* tabItemGirl@2x.png in Resources */,
				EEB323BF13EEB6D1008329F2 /* tabItemMore.png in Resources */,
				EEB323C013EEB6D1008329F2 /* tabItemMore@2x.png in Resources */,
				EEB323C113EEB6D1008329F2 /* tabItemPlaylist@2x.png in Resources */,
				EEB323C613EEB8F1008329F2 /* tabItemClips.png in Resources */,
				EEB323C713EEB8F1008329F2 /* tabItemClips@2x.png in Resources */,
				EEB323C813EEB8F1008329F2 /* tabItemHome.png in Resources */,
				EEB323C913EEB8F1008329F2 /* tabItemHome@2x.png in Resources */,
				EEB323CB13EEBB65008329F2 /* 53-house.png in Resources */,
				EEB323CD13EEBB9A008329F2 /* 45-movie-1.png in Resources */,
				EEB323CF13EECC49008329F2 /* info.png in Resources */,
			);
			runOnlyForDeploymentPostprocessing = 0;
		};
/* End PBXResourcesBuildPhase section */

/* Begin PBXSourcesBuildPhase section */
		EEB8F7EA13C5FD0D00B70FDB /* Sources */ = {
			isa = PBXSourcesBuildPhase;
			buildActionMask = 2147483647;
			files = (
				EEB8F80013C5FD0D00B70FDB /* main.m in Sources */,
				EEB8F80313C5FD0D00B70FDB /* elloAppDelegate.m in Sources */,
				EEF2270913C65695004731BE /* IndexViewController.m in Sources */,
				EEF2272F13C78D16004731BE /* AdView.m in Sources */,
				EEF2274C13C7A68E004731BE /* ClipsViewController.m in Sources */,
				EECAB46413CB95D900EE96B5 /* VideoTableViewCell.m in Sources */,
				EECAB46A13CB999000EE96B5 /* VideoObject.m in Sources */,
				EE6D04F413CCD3420076850F /* SubscriptionsViewController.m in Sources */,
				EE6D04FC13CCD7DD0076850F /* PreviewViewController.m in Sources */,
				EE6D050613CCDBE10076850F /* ArtistsViewController.m in Sources */,
				EE6D051A13CCE08D0076850F /* SearchViewController.m in Sources */,
				EE6D054913CE3FF00076850F /* PlayListsViewController.m in Sources */,
				EE6D054D13CE41FC0076850F /* PlayListViewController.m in Sources */,
				EE6D059513CF890A0076850F /* XMLDataLoader.m in Sources */,
				EE6D059813CF8FD40076850F /* Artist.m in Sources */,
				EE6D059B13CF981B0076850F /* asyncimageview.m in Sources */,
				EE6D05A213CFAF600076850F /* PlayerViewController.m in Sources */,
				EEDB552313D0307200038999 /* RootViewController.m in Sources */,
				EE001B0F13D04BB100A7D719 /* Clip.m in Sources */,
				EE4E257013DB2676003005D6 /* PlayList.m in Sources */,
				EE5CDFCB13DE25F200B60CC1 /* Clips.m in Sources */,
				EEF6AB8413DF8B94001418E3 /* PlayLists.m in Sources */,
				EEF6AB8713DF9D0D001418E3 /* Artists.m in Sources */,
				EECFB8F013E0C89C00BB3D80 /* SlideshowImageView.m in Sources */,
				EEA7009313E1EA140017F550 /* Genre.m in Sources */,
				EEA7009413E1EA140017F550 /* Genres.m in Sources */,
				EEA7009513E1EA140017F550 /* GanriTableViewCell.m in Sources */,
				EEA7009613E1EA140017F550 /* GenresViewController.m in Sources */,
				EE1E6C4513E34973006794C7 /* MyPlaylist.xcdatamodeld in Sources */,
				EEFB252213E5EB6F00BA8BD1 /* MKEntryPanel.m in Sources */,
				EE8759DD13E6F3BA00B38801 /* ArtistViewController.m in Sources */,
				EE8759E013E71E7D00B38801 /* GenreViewController.m in Sources */,
				EEEC3D3E13EB35DA002BAD53 /* MultiPlayerViewController.m in Sources */,
				EEB323D613EED646008329F2 /* ChannelViewController.m in Sources */,
				EEB323D913EED73D008329F2 /* Channels.m in Sources */,
				EEB323DC13EED74A008329F2 /* Channel.m in Sources */,
				EEB3240513EEDC1E008329F2 /* ChannelsViewController.m in Sources */,
			);
			runOnlyForDeploymentPostprocessing = 0;
		};
/* End PBXSourcesBuildPhase section */

/* Begin PBXTargetDependency section */
		EE74378F13E20C3600FD9509 /* PBXTargetDependency */ = {
			isa = PBXTargetDependency;
			name = RestKit;
			targetProxy = EE74378E13E20C3600FD9509 /* PBXContainerItemProxy */;
		};
/* End PBXTargetDependency section */

/* Begin PBXVariantGroup section */
		EEB8F7FB13C5FD0D00B70FDB /* InfoPlist.strings */ = {
			isa = PBXVariantGroup;
			children = (
				EEB8F7FC13C5FD0D00B70FDB /* en */,
				EEF85F9B13E72DA8001AF525 /* ru-RU */,
			);
			name = InfoPlist.strings;
			sourceTree = "<group>";
		};
		EEB8F80413C5FD0D00B70FDB /* MainWindow.xib */ = {
			isa = PBXVariantGroup;
			children = (
				EEB8F80513C5FD0D00B70FDB /* en */,
				EEF85F9A13E72DA8001AF525 /* ru-RU */,
			);
			name = MainWindow.xib;
			sourceTree = "<group>";
		};
/* End PBXVariantGroup section */

/* Begin XCBuildConfiguration section */
		EEB8F81313C5FD0E00B70FDB /* Debug */ = {
			isa = XCBuildConfiguration;
			buildSettings = {
				ARCHS = "$(ARCHS_STANDARD_32_BIT)";
				CODE_SIGN_ENTITLEMENTS = "";
				CODE_SIGN_IDENTITY = "iPhone Developer: Valery Kurilov (5W44P8WJS4)";
				"CODE_SIGN_IDENTITY[sdk=iphoneos*]" = "iPhone Developer";
				GCC_C_LANGUAGE_STANDARD = gnu99;
				GCC_OPTIMIZATION_LEVEL = 0;
				GCC_PREPROCESSOR_DEFINITIONS = DEBUG;
				GCC_SYMBOLS_PRIVATE_EXTERN = NO;
				GCC_VERSION = com.apple.compilers.llvmgcc42;
				GCC_WARN_ABOUT_RETURN_TYPE = YES;
				GCC_WARN_UNUSED_VARIABLE = YES;
				"HEADER_SEARCH_PATHS[arch=*]" = (
					"\"$(SOURCE_ROOT)/RestKit/Build\"",
					"\"$(SDK_DIR)\"/usr/include/libxml2\"",
				);
				IPHONEOS_DEPLOYMENT_TARGET = 4.0;
				"LIBRARY_SEARCH_PATHS[arch=*]" = "\"$(SOURCE_ROOT)/RestKit/Build/$(BUILD_STYLE)-$(PLATFORM_NAME)\"";
				"OTHER_LDFLAGS[arch=*]" = (
					"-ObjC",
					"-all_load",
				);
				PROVISIONING_PROFILE = "0625434F-C58F-47F3-AD84-8984937A547E";
				SDKROOT = iphoneos;
			};
			name = Debug;
		};
		EEB8F81413C5FD0E00B70FDB /* Release */ = {
			isa = XCBuildConfiguration;
			buildSettings = {
				ARCHS = "$(ARCHS_STANDARD_32_BIT)";
				CODE_SIGN_ENTITLEMENTS = "";
				CODE_SIGN_IDENTITY = "iPhone Distribution: Alexandr Androshuk";
				"CODE_SIGN_IDENTITY[sdk=iphoneos*]" = "iPhone Distribution: Alexandr Androshuk";
				GCC_C_LANGUAGE_STANDARD = gnu99;
				GCC_VERSION = com.apple.compilers.llvmgcc42;
				GCC_WARN_ABOUT_RETURN_TYPE = YES;
				GCC_WARN_UNUSED_VARIABLE = YES;
				"HEADER_SEARCH_PATHS[arch=*]" = (
					"\"$(SOURCE_ROOT)/RestKit/Build\"",
					"\"$(SDK_DIR)\"/usr/include/libxml2\"",
				);
				IPHONEOS_DEPLOYMENT_TARGET = 4.0;
				"LIBRARY_SEARCH_PATHS[arch=*]" = "\"$(SOURCE_ROOT)/RestKit/Build/$(BUILD_STYLE)-$(PLATFORM_NAME)\"";
				OTHER_CFLAGS = "-DNS_BLOCK_ASSERTIONS=1";
				"OTHER_LDFLAGS[arch=*]" = (
					"-ObjC",
					"-all_load",
				);
				PROVISIONING_PROFILE = "A7332872-FD05-4E17-9B57-F7FD9652DE07";
				"PROVISIONING_PROFILE[sdk=iphoneos*]" = "A7332872-FD05-4E17-9B57-F7FD9652DE07";
				SDKROOT = iphoneos;
			};
			name = Release;
		};
		EEB8F81613C5FD0E00B70FDB /* Debug */ = {
			isa = XCBuildConfiguration;
			buildSettings = {
				ALWAYS_SEARCH_USER_PATHS = NO;
				CODE_SIGN_ENTITLEMENTS = "";
				CODE_SIGN_IDENTITY = "iPhone Developer";
				"CODE_SIGN_IDENTITY[sdk=iphoneos*]" = "iPhone Distribution: Alexandr Androshuk";
				COPY_PHASE_STRIP = NO;
				GCC_DYNAMIC_NO_PIC = NO;
				GCC_PRECOMPILE_PREFIX_HEADER = YES;
				GCC_PREFIX_HEADER = "ello/ello-Prefix.pch";
				INFOPLIST_FILE = "ello/ello-Info.plist";
				IPHONEOS_DEPLOYMENT_TARGET = 4.0.1;
				LIBRARY_SEARCH_PATHS = (
					"$(inherited)",
					"\"$(SRCROOT)\"",
				);
				PRODUCT_NAME = "$(TARGET_NAME)";
				PROVISIONING_PROFILE = "";
				"PROVISIONING_PROFILE[sdk=iphoneos*]" = "A7332872-FD05-4E17-9B57-F7FD9652DE07";
				TARGETED_DEVICE_FAMILY = 1;
				WRAPPER_EXTENSION = app;
			};
			name = Debug;
		};
		EEB8F81713C5FD0E00B70FDB /* Release */ = {
			isa = XCBuildConfiguration;
			buildSettings = {
				ALWAYS_SEARCH_USER_PATHS = NO;
				CODE_SIGN_ENTITLEMENTS = "";
				CODE_SIGN_IDENTITY = "iPhone Distribution: Alexandr Androshuk";
				"CODE_SIGN_IDENTITY[sdk=iphoneos*]" = "iPhone Distribution: Alexandr Androshuk";
				COPY_PHASE_STRIP = YES;
				GCC_PRECOMPILE_PREFIX_HEADER = YES;
				GCC_PREFIX_HEADER = "ello/ello-Prefix.pch";
				INFOPLIST_FILE = "ello/ello-Info.plist";
				IPHONEOS_DEPLOYMENT_TARGET = 4.0.1;
				LIBRARY_SEARCH_PATHS = (
					"$(inherited)",
					"\"$(SRCROOT)\"",
				);
				"OTHER_LDFLAGS[arch=*]" = "";
				PRODUCT_NAME = "$(TARGET_NAME)";
				PROVISIONING_PROFILE = "A7332872-FD05-4E17-9B57-F7FD9652DE07";
				"PROVISIONING_PROFILE[sdk=iphoneos*]" = "A7332872-FD05-4E17-9B57-F7FD9652DE07";
				TARGETED_DEVICE_FAMILY = 1;
				VALIDATE_PRODUCT = YES;
				WRAPPER_EXTENSION = app;
			};
			name = Release;
		};
/* End XCBuildConfiguration section */

/* Begin XCConfigurationList section */
		EEB8F7E813C5FD0D00B70FDB /* Build configuration list for PBXProject "ello" */ = {
			isa = XCConfigurationList;
			buildConfigurations = (
				EEB8F81313C5FD0E00B70FDB /* Debug */,
				EEB8F81413C5FD0E00B70FDB /* Release */,
			);
			defaultConfigurationIsVisible = 0;
			defaultConfigurationName = Debug;
		};
		EEB8F81513C5FD0E00B70FDB /* Build configuration list for PBXNativeTarget "ello" */ = {
			isa = XCConfigurationList;
			buildConfigurations = (
				EEB8F81613C5FD0E00B70FDB /* Debug */,
				EEB8F81713C5FD0E00B70FDB /* Release */,
			);
			defaultConfigurationIsVisible = 0;
			defaultConfigurationName = Debug;
		};
/* End XCConfigurationList section */

/* Begin XCVersionGroup section */
		EE1E6C4313E34972006794C7 /* MyPlaylist.xcdatamodeld */ = {
			isa = XCVersionGroup;
			children = (
				EE1E6C4413E34973006794C7 /* MyPlaylist.xcdatamodel */,
			);
			currentVersion = EE1E6C4413E34973006794C7 /* MyPlaylist.xcdatamodel */;
			path = MyPlaylist.xcdatamodeld;
			sourceTree = "<group>";
			versionGroupType = wrapper.xcdatamodel;
		};
/* End XCVersionGroup section */
	};
	rootObject = EEB8F7E513C5FD0D00B70FDB /* Project object */;
}
